
Microsoft Visual Studio Solution File, Format Version 12.00
# Visual Studio Version 16
VisualStudioVersion = 16.0.29411.108
MinimumVisualStudioVersion = 10.0.40219.1
Project("{FAE04EC0-301F-11D3-BF4B-00C04F79EFBC}") = "002_FormMDI", "002-FormMDI\002_FormMDI.csproj", "{04DE66F7-1118-4C87-968C-D042B2984186}"
EndProject
Global
	GlobalSection(SolutionConfigurationPlatforms) = preSolution
		Debug|Any CPU = Debug|Any CPU
		Release|Any CPU = Release|Any CPU
	EndGlobalSection
	GlobalSection(ProjectConfigurationPlatforms) = postSolution
		{04DE66F7-1118-4C87-968C-D042B2984186}.Debug|Any CPU.ActiveCfg = Debug|Any CPU
		{04DE66F7-1118-4C87-968C-D042B2984186}.Debug|Any CPU.Build.0 = Debug|Any CPU
		{04DE66F7-1118-4C87-968C-D042B2984186}.Release|Any CPU.ActiveCfg = Release|Any CPU
		{04DE66F7-1118-4C87-968C-D042B2984186}.Release|Any CPU.Build.0 = Release|Any CPU
	EndGlobalSection
	GlobalSection(SolutionProperties) = preSolution
		HideSolutionNode = FALSE
	EndGlobalSection
	GlobalSection(ExtensibilityGlobals) = postSolution
		SolutionGuid = {B8EFC961-9824-418E-B60C-452CB4DCE926}
	EndGlobalSection
EndGlobal
